{
  "name": "x6tool",
  "version": "1.0.2",
  "lockfileVersion": 2,
  "requires": true,
  "packages": {
    "": {
      "name": "x6tool",
      "version": "1.0.2",
      "license": "MIT",
      "dependencies": {
        "@antv/x6": "^2.11.5",
        "@antv/x6-plugin-clipboard": "^2.1.6",
        "@antv/x6-plugin-export": "^2.1.6",
        "@antv/x6-plugin-history": "^2.2.3",
        "@antv/x6-plugin-keyboard": "^2.2.1",
        "@antv/x6-plugin-minimap": "^2.0.5",
        "@antv/x6-plugin-scroller": "^2.0.9",
        "@antv/x6-plugin-selection": "^2.1.7",
        "@antv/x6-plugin-snapline": "^2.1.7",
        "@antv/x6-plugin-stencil": "^2.0.4",
        "@antv/x6-plugin-transform": "^2.1.7"
      },
      "devDependencies": {
        "typescript": "^5.1.6"
      }
    },
    "node_modules/@antv/x6": {
      "version": "2.11.5",
      "resolved": "https://registry.npmjs.org/@antv/x6/-/x6-2.11.5.tgz",
      "integrity": "sha512-NN69NSwOGuBUShP1GPWrIw93j70O5ZFFOb5JCZDA5AIv7AFm0Q53XhMr2VgT+RQtWLkt1ak5putZvqB3mvq1Fg==",
      "dependencies": {
        "@antv/x6-common": "^2.0.13",
        "@antv/x6-geometry": "^2.0.5",
        "utility-types": "^3.10.0"
      }
    },
    "node_modules/@antv/x6-common": {
      "version": "2.0.14",
      "resolved": "https://registry.npmmirror.com/@antv/x6-common/-/x6-common-2.0.14.tgz",
      "integrity": "sha512-/8OmYV2hxUIwNKt/YurWhGmhbTBu95mZRcF5cwUVp0oR0SmOGNFqMT710w1uvLAfWmfdoq/oEcCuScW/L8mOLw==",
      "dependencies": {
        "lodash-es": "^4.17.15",
        "utility-types": "^3.10.0"
      }
    },
    "node_modules/@antv/x6-geometry": {
      "version": "2.0.5",
      "resolved": "https://registry.npmmirror.com/@antv/x6-geometry/-/x6-geometry-2.0.5.tgz",
      "integrity": "sha512-MId6riEQkxphBpVeTcL4ZNXL4lScyvDEPLyIafvWMcWNTGK0jgkK7N20XSzqt8ltJb0mGUso5s56mrk8ysHu2A=="
    },
    "node_modules/@antv/x6-plugin-clipboard": {
      "version": "2.1.6",
      "resolved": "https://registry.npmmirror.com/@antv/x6-plugin-clipboard/-/x6-plugin-clipboard-2.1.6.tgz",
      "integrity": "sha512-roZPLnZx6PK8MBvee0QMo90fz/TXeF0WNe4EGin2NBq5M1I5XTWrYvA6N2XVIiWAAI67gjQeEE8TpkL7f8QdqA==",
      "peerDependencies": {
        "@antv/x6": "^2.x"
      }
    },
    "node_modules/@antv/x6-plugin-dnd": {
      "version": "2.0.5",
      "resolved": "https://registry.npmmirror.com/@antv/x6-plugin-dnd/-/x6-plugin-dnd-2.0.5.tgz",
      "integrity": "sha512-g8GGJS2XmM8C59juOBiFqaR/f8i8y8tqw9sJNwta7s1Phh3hwDd7o4kk36Kk5eTKkfZfnjEyWHMOqp/h+EDibQ==",
      "peer": true,
      "peerDependencies": {
        "@antv/x6": "^2.x"
      }
    },
    "node_modules/@antv/x6-plugin-export": {
      "version": "2.1.6",
      "resolved": "https://registry.npmjs.org/@antv/x6-plugin-export/-/x6-plugin-export-2.1.6.tgz",
      "integrity": "sha512-m0ukMmZhrFE5n7uCR43DVQBdiUfpjGN+vm1mc+6RTZdHK8pa6Mxr0RZztaxPy34YA4tli+bGY3ePslsNPfh6PQ==",
      "peerDependencies": {
        "@antv/x6": "^2.x"
      }
    },
    "node_modules/@antv/x6-plugin-history": {
      "version": "2.2.3",
      "resolved": "https://registry.npmmirror.com/@antv/x6-plugin-history/-/x6-plugin-history-2.2.3.tgz",
      "integrity": "sha512-yiv5e7CQKm1HrJe7je4iWjkzDzU+I0WsyL8En2j0UwXJrUNaKYyv4BkRg2tvyi52hydxidMgi3tNnNQHEZwoMg==",
      "peerDependencies": {
        "@antv/x6": "^2.x"
      }
    },
    "node_modules/@antv/x6-plugin-keyboard": {
      "version": "2.2.1",
      "resolved": "https://registry.npmmirror.com/@antv/x6-plugin-keyboard/-/x6-plugin-keyboard-2.2.1.tgz",
      "integrity": "sha512-sqfN0h4txVO211uIeKBd3zQ/IN2zPzDThWNTEhRx7Lecg1fO7uRXWBbOA48j3EgpRFXVexdSzIEVJEx+IWUdYw==",
      "dependencies": {
        "mousetrap": "^1.6.5"
      },
      "peerDependencies": {
        "@antv/x6": "^2.x"
      }
    },
    "node_modules/@antv/x6-plugin-minimap": {
      "version": "2.0.5",
      "resolved": "https://registry.npmmirror.com/@antv/x6-plugin-minimap/-/x6-plugin-minimap-2.0.5.tgz",
      "integrity": "sha512-6L+W80AvoEZG4cwRxgPxvYLeKhqkBJEt4hTnZ2NWWcvBx02F9RJKRZVEEUemqE12mKUv4HT6WtbQV0QIfkTEMw==",
      "peerDependencies": {
        "@antv/x6": "^2.x"
      }
    },
    "node_modules/@antv/x6-plugin-scroller": {
      "version": "2.0.9",
      "resolved": "https://registry.npmmirror.com/@antv/x6-plugin-scroller/-/x6-plugin-scroller-2.0.9.tgz",
      "integrity": "sha512-f3fluvSIbZBp+c5iKyidAoz19i0beWOnPA0CPfu/K4C+Jf1eWNgaFXbN3hcHPQRvFRJiPtvPApK30aCaik9Omg==",
      "peerDependencies": {
        "@antv/x6": "^2.x"
      }
    },
    "node_modules/@antv/x6-plugin-selection": {
      "version": "2.1.7",
      "resolved": "https://registry.npmmirror.com/@antv/x6-plugin-selection/-/x6-plugin-selection-2.1.7.tgz",
      "integrity": "sha512-ODfYLNwKSaLgIYMYfMW4dYQ9KKFOVBEdH0BzvyG8mfRol+JtZuyrm4BRbAvMryQKHrSxs4JCYXTFd2F7ZTuxLQ==",
      "peerDependencies": {
        "@antv/x6": "^2.x"
      }
    },
    "node_modules/@antv/x6-plugin-snapline": {
      "version": "2.1.7",
      "resolved": "https://registry.npmmirror.com/@antv/x6-plugin-snapline/-/x6-plugin-snapline-2.1.7.tgz",
      "integrity": "sha512-AsysoCb9vES0U2USNhEpYuO/W8I0aYfkhlbee5Kt4NYiMfQfZKQyqW/YjDVaS2pm38C1NKu1LdPVk/BBr4CasA==",
      "peerDependencies": {
        "@antv/x6": "^2.x"
      }
    },
    "node_modules/@antv/x6-plugin-stencil": {
      "version": "2.0.4",
      "resolved": "https://registry.npmmirror.com/@antv/x6-plugin-stencil/-/x6-plugin-stencil-2.0.4.tgz",
      "integrity": "sha512-MoRgR2M67dc51L8o7zPmbt3UTZVTqKXreMo8T+7Tp6BllwcDYueoHNJA4k79FQs5ocnmSLmAMmjd72TRSUYp2Q==",
      "peerDependencies": {
        "@antv/x6": "^2.x",
        "@antv/x6-plugin-dnd": "^2.x"
      }
    },
    "node_modules/@antv/x6-plugin-transform": {
      "version": "2.1.7",
      "resolved": "https://registry.npmmirror.com/@antv/x6-plugin-transform/-/x6-plugin-transform-2.1.7.tgz",
      "integrity": "sha512-idzBr8/Bcw8zHQUSNS0Y8VSNMigCWiUuiwqO572Ac/P2tMfP6Ot2SahEYHGUOD2NEMPr95q4JMZc+Evvt4JFTw==",
      "peerDependencies": {
        "@antv/x6": "^2.x"
      }
    },
    "node_modules/lodash-es": {
      "version": "4.17.21",
      "resolved": "https://registry.npmmirror.com/lodash-es/-/lodash-es-4.17.21.tgz",
      "integrity": "sha512-mKnC+QJ9pWVzv+C4/U3rRsHapFfHvQFoFB92e52xeyGMcX6/OlIl78je1u8vePzYZSkkogMPJ2yjxxsb89cxyw=="
    },
    "node_modules/mousetrap": {
      "version": "1.6.5",
      "resolved": "https://registry.npmmirror.com/mousetrap/-/mousetrap-1.6.5.tgz",
      "integrity": "sha512-QNo4kEepaIBwiT8CDhP98umTetp+JNfQYBWvC1pc6/OAibuXtRcxZ58Qz8skvEHYvURne/7R8T5VoOI7rDsEUA=="
    },
    "node_modules/typescript": {
      "version": "5.1.6",
      "resolved": "https://registry.npmmirror.com/typescript/-/typescript-5.1.6.tgz",
      "integrity": "sha512-zaWCozRZ6DLEWAWFrVDz1H6FVXzUSfTy5FUMWsQlU8Ym5JP9eO4xkTIROFCQvhQf61z6O/G6ugw3SgAnvvm+HA==",
      "dev": true,
      "bin": {
        "tsc": "bin/tsc",
        "tsserver": "bin/tsserver"
      },
      "engines": {
        "node": ">=14.17"
      }
    },
    "node_modules/utility-types": {
      "version": "3.10.0",
      "resolved": "https://registry.npmmirror.com/utility-types/-/utility-types-3.10.0.tgz",
      "integrity": "sha512-O11mqxmi7wMKCo6HKFt5AhO4BwY3VV68YU07tgxfz8zJTIxr4BpsezN49Ffwy9j3ZpwwJp4fkRwjRzq3uWE6Rg==",
      "engines": {
        "node": ">= 4"
      }
    }
  },
  "dependencies": {
    "@antv/x6": {
      "version": "2.11.5",
      "resolved": "https://registry.npmjs.org/@antv/x6/-/x6-2.11.5.tgz",
      "integrity": "sha512-NN69NSwOGuBUShP1GPWrIw93j70O5ZFFOb5JCZDA5AIv7AFm0Q53XhMr2VgT+RQtWLkt1ak5putZvqB3mvq1Fg==",
      "requires": {
        "@antv/x6-common": "^2.0.13",
        "@antv/x6-geometry": "^2.0.5",
        "utility-types": "^3.10.0"
      }
    },
    "@antv/x6-common": {
      "version": "2.0.14",
      "resolved": "https://registry.npmmirror.com/@antv/x6-common/-/x6-common-2.0.14.tgz",
      "integrity": "sha512-/8OmYV2hxUIwNKt/YurWhGmhbTBu95mZRcF5cwUVp0oR0SmOGNFqMT710w1uvLAfWmfdoq/oEcCuScW/L8mOLw==",
      "requires": {
        "lodash-es": "^4.17.15",
        "utility-types": "^3.10.0"
      }
    },
    "@antv/x6-geometry": {
      "version": "2.0.5",
      "resolved": "https://registry.npmmirror.com/@antv/x6-geometry/-/x6-geometry-2.0.5.tgz",
      "integrity": "sha512-MId6riEQkxphBpVeTcL4ZNXL4lScyvDEPLyIafvWMcWNTGK0jgkK7N20XSzqt8ltJb0mGUso5s56mrk8ysHu2A=="
    },
    "@antv/x6-plugin-clipboard": {
      "version": "2.1.6",
      "resolved": "https://registry.npmmirror.com/@antv/x6-plugin-clipboard/-/x6-plugin-clipboard-2.1.6.tgz",
      "integrity": "sha512-roZPLnZx6PK8MBvee0QMo90fz/TXeF0WNe4EGin2NBq5M1I5XTWrYvA6N2XVIiWAAI67gjQeEE8TpkL7f8QdqA==",
      "requires": {}
    },
    "@antv/x6-plugin-dnd": {
      "version": "2.0.5",
      "resolved": "https://registry.npmmirror.com/@antv/x6-plugin-dnd/-/x6-plugin-dnd-2.0.5.tgz",
      "integrity": "sha512-g8GGJS2XmM8C59juOBiFqaR/f8i8y8tqw9sJNwta7s1Phh3hwDd7o4kk36Kk5eTKkfZfnjEyWHMOqp/h+EDibQ==",
      "peer": true,
      "requires": {}
    },
    "@antv/x6-plugin-export": {
      "version": "2.1.6",
      "resolved": "https://registry.npmjs.org/@antv/x6-plugin-export/-/x6-plugin-export-2.1.6.tgz",
      "integrity": "sha512-m0ukMmZhrFE5n7uCR43DVQBdiUfpjGN+vm1mc+6RTZdHK8pa6Mxr0RZztaxPy34YA4tli+bGY3ePslsNPfh6PQ==",
      "requires": {}
    },
    "@antv/x6-plugin-history": {
      "version": "2.2.3",
      "resolved": "https://registry.npmmirror.com/@antv/x6-plugin-history/-/x6-plugin-history-2.2.3.tgz",
      "integrity": "sha512-yiv5e7CQKm1HrJe7je4iWjkzDzU+I0WsyL8En2j0UwXJrUNaKYyv4BkRg2tvyi52hydxidMgi3tNnNQHEZwoMg==",
      "requires": {}
    },
    "@antv/x6-plugin-keyboard": {
      "version": "2.2.1",
      "resolved": "https://registry.npmmirror.com/@antv/x6-plugin-keyboard/-/x6-plugin-keyboard-2.2.1.tgz",
      "integrity": "sha512-sqfN0h4txVO211uIeKBd3zQ/IN2zPzDThWNTEhRx7Lecg1fO7uRXWBbOA48j3EgpRFXVexdSzIEVJEx+IWUdYw==",
      "requires": {
        "mousetrap": "^1.6.5"
      }
    },
    "@antv/x6-plugin-minimap": {
      "version": "2.0.5",
      "resolved": "https://registry.npmmirror.com/@antv/x6-plugin-minimap/-/x6-plugin-minimap-2.0.5.tgz",
      "integrity": "sha512-6L+W80AvoEZG4cwRxgPxvYLeKhqkBJEt4hTnZ2NWWcvBx02F9RJKRZVEEUemqE12mKUv4HT6WtbQV0QIfkTEMw==",
      "requires": {}
    },
    "@antv/x6-plugin-scroller": {
      "version": "2.0.9",
      "resolved": "https://registry.npmmirror.com/@antv/x6-plugin-scroller/-/x6-plugin-scroller-2.0.9.tgz",
      "integrity": "sha512-f3fluvSIbZBp+c5iKyidAoz19i0beWOnPA0CPfu/K4C+Jf1eWNgaFXbN3hcHPQRvFRJiPtvPApK30aCaik9Omg==",
      "requires": {}
    },
    "@antv/x6-plugin-selection": {
      "version": "2.1.7",
      "resolved": "https://registry.npmmirror.com/@antv/x6-plugin-selection/-/x6-plugin-selection-2.1.7.tgz",
      "integrity": "sha512-ODfYLNwKSaLgIYMYfMW4dYQ9KKFOVBEdH0BzvyG8mfRol+JtZuyrm4BRbAvMryQKHrSxs4JCYXTFd2F7ZTuxLQ==",
      "requires": {}
    },
    "@antv/x6-plugin-snapline": {
      "version": "2.1.7",
      "resolved": "https://registry.npmmirror.com/@antv/x6-plugin-snapline/-/x6-plugin-snapline-2.1.7.tgz",
      "integrity": "sha512-AsysoCb9vES0U2USNhEpYuO/W8I0aYfkhlbee5Kt4NYiMfQfZKQyqW/YjDVaS2pm38C1NKu1LdPVk/BBr4CasA==",
      "requires": {}
    },
    "@antv/x6-plugin-stencil": {
      "version": "2.0.4",
      "resolved": "https://registry.npmmirror.com/@antv/x6-plugin-stencil/-/x6-plugin-stencil-2.0.4.tgz",
      "integrity": "sha512-MoRgR2M67dc51L8o7zPmbt3UTZVTqKXreMo8T+7Tp6BllwcDYueoHNJA4k79FQs5ocnmSLmAMmjd72TRSUYp2Q==",
      "requires": {}
    },
    "@antv/x6-plugin-transform": {
      "version": "2.1.7",
      "resolved": "https://registry.npmmirror.com/@antv/x6-plugin-transform/-/x6-plugin-transform-2.1.7.tgz",
      "integrity": "sha512-idzBr8/Bcw8zHQUSNS0Y8VSNMigCWiUuiwqO572Ac/P2tMfP6Ot2SahEYHGUOD2NEMPr95q4JMZc+Evvt4JFTw==",
      "requires": {}
    },
    "lodash-es": {
      "version": "4.17.21",
      "resolved": "https://registry.npmmirror.com/lodash-es/-/lodash-es-4.17.21.tgz",
      "integrity": "sha512-mKnC+QJ9pWVzv+C4/U3rRsHapFfHvQFoFB92e52xeyGMcX6/OlIl78je1u8vePzYZSkkogMPJ2yjxxsb89cxyw=="
    },
    "mousetrap": {
      "version": "1.6.5",
      "resolved": "https://registry.npmmirror.com/mousetrap/-/mousetrap-1.6.5.tgz",
      "integrity": "sha512-QNo4kEepaIBwiT8CDhP98umTetp+JNfQYBWvC1pc6/OAibuXtRcxZ58Qz8skvEHYvURne/7R8T5VoOI7rDsEUA=="
    },
    "typescript": {
      "version": "5.1.6",
      "resolved": "https://registry.npmmirror.com/typescript/-/typescript-5.1.6.tgz",
      "integrity": "sha512-zaWCozRZ6DLEWAWFrVDz1H6FVXzUSfTy5FUMWsQlU8Ym5JP9eO4xkTIROFCQvhQf61z6O/G6ugw3SgAnvvm+HA==",
      "dev": true
    },
    "utility-types": {
      "version": "3.10.0",
      "resolved": "https://registry.npmmirror.com/utility-types/-/utility-types-3.10.0.tgz",
      "integrity": "sha512-O11mqxmi7wMKCo6HKFt5AhO4BwY3VV68YU07tgxfz8zJTIxr4BpsezN49Ffwy9j3ZpwwJp4fkRwjRzq3uWE6Rg=="
    }
  }
}
